// !$*UTF8*$!
{
	archiveVersion = 1;
	classes = {
	};
	objectVersion = 52;
	objects = {

/* Begin PBXBuildFile section */
		0B16F4C025DF9DCD00C055DB /* DateFunctions.swift in Sources */ = {isa = PBXBuildFile; fileRef = 0B16F4BF25DF9DCD00C055DB /* DateFunctions.swift */; };
		0B16F4C825E0D7FB00C055DB /* RevisedRecordsCalendarView.swift in Sources */ = {isa = PBXBuildFile; fileRef = 0B16F4C725E0D7FB00C055DB /* RevisedRecordsCalendarView.swift */; };
		0B22781925CA92530000FB8C /* Store.swift in Sources */ = {isa = PBXBuildFile; fileRef = 0B22781825CA92530000FB8C /* Store.swift */; };
		0B50C43D25C402E000D392C7 /* MistakeItemView.swift in Sources */ = {isa = PBXBuildFile; fileRef = 0B50C43C25C402E000D392C7 /* MistakeItemView.swift */; };
		0B5B4ABA25CFB7A600686F56 /* QuestionItemView.swift in Sources */ = {isa = PBXBuildFile; fileRef = 0B5B4AB925CFB7A600686F56 /* QuestionItemView.swift */; };
		0B6659F825B998A800C9DB31 /* mistakerecorderApp.swift in Sources */ = {isa = PBXBuildFile; fileRef = 0B6659F725B998A800C9DB31 /* mistakerecorderApp.swift */; };
		0B6659FC25B998AA00C9DB31 /* Assets.xcassets in Resources */ = {isa = PBXBuildFile; fileRef = 0B6659FB25B998AA00C9DB31 /* Assets.xcassets */; };
		0B6659FF25B998AA00C9DB31 /* Preview Assets.xcassets in Resources */ = {isa = PBXBuildFile; fileRef = 0B6659FE25B998AA00C9DB31 /* Preview Assets.xcassets */; };
		0B665A0A25B998AA00C9DB31 /* mistakerecorderTests.swift in Sources */ = {isa = PBXBuildFile; fileRef = 0B665A0925B998AA00C9DB31 /* mistakerecorderTests.swift */; };
		0B665A1525B998AA00C9DB31 /* mistakerecorderUITests.swift in Sources */ = {isa = PBXBuildFile; fileRef = 0B665A1425B998AA00C9DB31 /* mistakerecorderUITests.swift */; };
		0B91500125BBCAEF00122F38 /* RegisterTextField.swift in Sources */ = {isa = PBXBuildFile; fileRef = 0B91500025BBCAEF00122F38 /* RegisterTextField.swift */; };
		0B91500E25BE6E2400122F38 /* ForgetPasswordView.swift in Sources */ = {isa = PBXBuildFile; fileRef = 0B91500D25BE6E2400122F38 /* ForgetPasswordView.swift */; };
		0B91501325BE717200122F38 /* HomeView.swift in Sources */ = {isa = PBXBuildFile; fileRef = 0B91501225BE717200122F38 /* HomeView.swift */; };
		0B91501825BE734600122F38 /* TabBar.swift in Sources */ = {isa = PBXBuildFile; fileRef = 0B91501725BE734600122F38 /* TabBar.swift */; };
		0B91502525BE95A700122F38 /* PhotographView.swift in Sources */ = {isa = PBXBuildFile; fileRef = 0B91502425BE95A700122F38 /* PhotographView.swift */; };
		0B91503D25C015E700122F38 /* RevisingMistakeCardView.swift in Sources */ = {isa = PBXBuildFile; fileRef = 0B91503C25C015E700122F38 /* RevisingMistakeCardView.swift */; };
		0B91504725C0FFFB00122F38 /* UserMenuView.swift in Sources */ = {isa = PBXBuildFile; fileRef = 0B91504625C0FFFB00122F38 /* UserMenuView.swift */; };
		0B91504C25C2974C00122F38 /* ReviseListView.swift in Sources */ = {isa = PBXBuildFile; fileRef = 0B91504B25C2974C00122F38 /* ReviseListView.swift */; };
		0B91505925C29CB700122F38 /* MistakeListView.swift in Sources */ = {isa = PBXBuildFile; fileRef = 0B91505825C29CB700122F38 /* MistakeListView.swift */; };
		0B91506425C2B2E900122F38 /* ReviseItemView.swift in Sources */ = {isa = PBXBuildFile; fileRef = 0B91506325C2B2E900122F38 /* ReviseItemView.swift */; };
		0BB62E0325CE28380086FD60 /* Alamofire in Frameworks */ = {isa = PBXBuildFile; productRef = 0BB62E0225CE28380086FD60 /* Alamofire */; };
		0BB62E0825CE28650086FD60 /* NetworkAPIFunctions.swift in Sources */ = {isa = PBXBuildFile; fileRef = 0BB62E0725CE28650086FD60 /* NetworkAPIFunctions.swift */; };
		0BC4745A25B99AED001A59BE /* LoginView.swift in Sources */ = {isa = PBXBuildFile; fileRef = 0BC4745925B99AED001A59BE /* LoginView.swift */; };
		0BC474F125BAB92E001A59BE /* RegisterView.swift in Sources */ = {isa = PBXBuildFile; fileRef = 0BC474F025BAB92E001A59BE /* RegisterView.swift */; };
/* End PBXBuildFile section */

/* Begin PBXContainerItemProxy section */
		0B665A0625B998AA00C9DB31 /* PBXContainerItemProxy */ = {
			isa = PBXContainerItemProxy;
			containerPortal = 0B6659EC25B998A800C9DB31 /* Project object */;
			proxyType = 1;
			remoteGlobalIDString = 0B6659F325B998A800C9DB31;
			remoteInfo = mistakerecorder;
		};
		0B665A1125B998AA00C9DB31 /* PBXContainerItemProxy */ = {
			isa = PBXContainerItemProxy;
			containerPortal = 0B6659EC25B998A800C9DB31 /* Project object */;
			proxyType = 1;
			remoteGlobalIDString = 0B6659F325B998A800C9DB31;
			remoteInfo = mistakerecorder;
		};
/* End PBXContainerItemProxy section */

/* Begin PBXFileReference section */
		0B16F4BF25DF9DCD00C055DB /* DateFunctions.swift */ = {isa = PBXFileReference; lastKnownFileType = sourcecode.swift; path = DateFunctions.swift; sourceTree = "<group>"; };
		0B16F4C725E0D7FB00C055DB /* RevisedRecordsCalendarView.swift */ = {isa = PBXFileReference; lastKnownFileType = sourcecode.swift; path = RevisedRecordsCalendarView.swift; sourceTree = "<group>"; };
		0B22781825CA92530000FB8C /* Store.swift */ = {isa = PBXFileReference; lastKnownFileType = sourcecode.swift; path = Store.swift; sourceTree = "<group>"; };
		0B50C43C25C402E000D392C7 /* MistakeItemView.swift */ = {isa = PBXFileReference; lastKnownFileType = sourcecode.swift; path = MistakeItemView.swift; sourceTree = "<group>"; };
		0B5B4AB925CFB7A600686F56 /* QuestionItemView.swift */ = {isa = PBXFileReference; lastKnownFileType = sourcecode.swift; path = QuestionItemView.swift; sourceTree = "<group>"; };
		0B6659F425B998A800C9DB31 /* mistakerecorder.app */ = {isa = PBXFileReference; explicitFileType = wrapper.application; includeInIndex = 0; path = mistakerecorder.app; sourceTree = BUILT_PRODUCTS_DIR; };
		0B6659F725B998A800C9DB31 /* mistakerecorderApp.swift */ = {isa = PBXFileReference; lastKnownFileType = sourcecode.swift; path = mistakerecorderApp.swift; sourceTree = "<group>"; };
		0B6659FB25B998AA00C9DB31 /* Assets.xcassets */ = {isa = PBXFileReference; lastKnownFileType = folder.assetcatalog; path = Assets.xcassets; sourceTree = "<group>"; };
		0B6659FE25B998AA00C9DB31 /* Preview Assets.xcassets */ = {isa = PBXFileReference; lastKnownFileType = folder.assetcatalog; path = "Preview Assets.xcassets"; sourceTree = "<group>"; };
		0B665A0025B998AA00C9DB31 /* Info.plist */ = {isa = PBXFileReference; lastKnownFileType = text.plist.xml; path = Info.plist; sourceTree = "<group>"; };
		0B665A0525B998AA00C9DB31 /* mistakerecorderTests.xctest */ = {isa = PBXFileReference; explicitFileType = wrapper.cfbundle; includeInIndex = 0; path = mistakerecorderTests.xctest; sourceTree = BUILT_PRODUCTS_DIR; };
		0B665A0925B998AA00C9DB31 /* mistakerecorderTests.swift */ = {isa = PBXFileReference; lastKnownFileType = sourcecode.swift; path = mistakerecorderTests.swift; sourceTree = "<group>"; };
		0B665A0B25B998AA00C9DB31 /* Info.plist */ = {isa = PBXFileReference; lastKnownFileType = text.plist.xml; path = Info.plist; sourceTree = "<group>"; };
		0B665A1025B998AA00C9DB31 /* mistakerecorderUITests.xctest */ = {isa = PBXFileReference; explicitFileType = wrapper.cfbundle; includeInIndex = 0; path = mistakerecorderUITests.xctest; sourceTree = BUILT_PRODUCTS_DIR; };
		0B665A1425B998AA00C9DB31 /* mistakerecorderUITests.swift */ = {isa = PBXFileReference; lastKnownFileType = sourcecode.swift; path = mistakerecorderUITests.swift; sourceTree = "<group>"; };
		0B665A1625B998AA00C9DB31 /* Info.plist */ = {isa = PBXFileReference; lastKnownFileType = text.plist.xml; path = Info.plist; sourceTree = "<group>"; };
		0B91500025BBCAEF00122F38 /* RegisterTextField.swift */ = {isa = PBXFileReference; lastKnownFileType = sourcecode.swift; path = RegisterTextField.swift; sourceTree = "<group>"; };
		0B91500D25BE6E2400122F38 /* ForgetPasswordView.swift */ = {isa = PBXFileReference; lastKnownFileType = sourcecode.swift; path = ForgetPasswordView.swift; sourceTree = "<group>"; };
		0B91501225BE717200122F38 /* HomeView.swift */ = {isa = PBXFileReference; lastKnownFileType = sourcecode.swift; path = HomeView.swift; sourceTree = "<group>"; };
		0B91501725BE734600122F38 /* TabBar.swift */ = {isa = PBXFileReference; lastKnownFileType = sourcecode.swift; path = TabBar.swift; sourceTree = "<group>"; };
		0B91502425BE95A700122F38 /* PhotographView.swift */ = {isa = PBXFileReference; lastKnownFileType = sourcecode.swift; path = PhotographView.swift; sourceTree = "<group>"; };
		0B91503C25C015E700122F38 /* RevisingMistakeCardView.swift */ = {isa = PBXFileReference; lastKnownFileType = sourcecode.swift; path = RevisingMistakeCardView.swift; sourceTree = "<group>"; };
		0B91504625C0FFFB00122F38 /* UserMenuView.swift */ = {isa = PBXFileReference; lastKnownFileType = sourcecode.swift; path = UserMenuView.swift; sourceTree = "<group>"; };
		0B91504B25C2974C00122F38 /* ReviseListView.swift */ = {isa = PBXFileReference; lastKnownFileType = sourcecode.swift; path = ReviseListView.swift; sourceTree = "<group>"; };
		0B91505825C29CB700122F38 /* MistakeListView.swift */ = {isa = PBXFileReference; lastKnownFileType = sourcecode.swift; path = MistakeListView.swift; sourceTree = "<group>"; };
		0B91506325C2B2E900122F38 /* ReviseItemView.swift */ = {isa = PBXFileReference; lastKnownFileType = sourcecode.swift; path = ReviseItemView.swift; sourceTree = "<group>"; };
		0BB62E0725CE28650086FD60 /* NetworkAPIFunctions.swift */ = {isa = PBXFileReference; lastKnownFileType = sourcecode.swift; path = NetworkAPIFunctions.swift; sourceTree = "<group>"; };
		0BC4745925B99AED001A59BE /* LoginView.swift */ = {isa = PBXFileReference; lastKnownFileType = sourcecode.swift; path = LoginView.swift; sourceTree = "<group>"; };
		0BC474F025BAB92E001A59BE /* RegisterView.swift */ = {isa = PBXFileReference; lastKnownFileType = sourcecode.swift; path = RegisterView.swift; sourceTree = "<group>"; };
/* End PBXFileReference section */

/* Begin PBXFrameworksBuildPhase section */
		0B6659F125B998A800C9DB31 /* Frameworks */ = {
			isa = PBXFrameworksBuildPhase;
			buildActionMask = 2147483647;
			files = (
				0BB62E0325CE28380086FD60 /* Alamofire in Frameworks */,
			);
			runOnlyForDeploymentPostprocessing = 0;
		};
		0B665A0225B998AA00C9DB31 /* Frameworks */ = {
			isa = PBXFrameworksBuildPhase;
			buildActionMask = 2147483647;
			files = (
			);
			runOnlyForDeploymentPostprocessing = 0;
		};
		0B665A0D25B998AA00C9DB31 /* Frameworks */ = {
			isa = PBXFrameworksBuildPhase;
			buildActionMask = 2147483647;
			files = (
			);
			runOnlyForDeploymentPostprocessing = 0;
		};
/* End PBXFrameworksBuildPhase section */

/* Begin PBXGroup section */
		0B6659EB25B998A800C9DB31 = {
			isa = PBXGroup;
			children = (
				0B6659F625B998A800C9DB31 /* mistakerecorder */,
				0B665A0825B998AA00C9DB31 /* mistakerecorderTests */,
				0B665A1325B998AA00C9DB31 /* mistakerecorderUITests */,
				0B6659F525B998A800C9DB31 /* Products */,
			);
			sourceTree = "<group>";
		};
		0B6659F525B998A800C9DB31 /* Products */ = {
			isa = PBXGroup;
			children = (
				0B6659F425B998A800C9DB31 /* mistakerecorder.app */,
				0B665A0525B998AA00C9DB31 /* mistakerecorderTests.xctest */,
				0B665A1025B998AA00C9DB31 /* mistakerecorderUITests.xctest */,
			);
			name = Products;
			sourceTree = "<group>";
		};
		0B6659F625B998A800C9DB31 /* mistakerecorder */ = {
			isa = PBXGroup;
			children = (
				0B6659F725B998A800C9DB31 /* mistakerecorderApp.swift */,
				0BC4745925B99AED001A59BE /* LoginView.swift */,
				0BC474F025BAB92E001A59BE /* RegisterView.swift */,
				0B91500025BBCAEF00122F38 /* RegisterTextField.swift */,
				0B91500D25BE6E2400122F38 /* ForgetPasswordView.swift */,
				0B91501725BE734600122F38 /* TabBar.swift */,
				0B91501225BE717200122F38 /* HomeView.swift */,
				0B91505825C29CB700122F38 /* MistakeListView.swift */,
				0B5B4AB925CFB7A600686F56 /* QuestionItemView.swift */,
				0B50C43C25C402E000D392C7 /* MistakeItemView.swift */,
				0B16F4C725E0D7FB00C055DB /* RevisedRecordsCalendarView.swift */,
				0B91504B25C2974C00122F38 /* ReviseListView.swift */,
				0B91506325C2B2E900122F38 /* ReviseItemView.swift */,
				0B22781825CA92530000FB8C /* Store.swift */,
				0B91504625C0FFFB00122F38 /* UserMenuView.swift */,
				0B91503C25C015E700122F38 /* RevisingMistakeCardView.swift */,
				0B91502425BE95A700122F38 /* PhotographView.swift */,
				0B16F4BF25DF9DCD00C055DB /* DateFunctions.swift */,
				0BB62E0725CE28650086FD60 /* NetworkAPIFunctions.swift */,
				0B6659FB25B998AA00C9DB31 /* Assets.xcassets */,
				0B665A0025B998AA00C9DB31 /* Info.plist */,
				0B6659FD25B998AA00C9DB31 /* Preview Content */,
			);
			path = mistakerecorder;
			sourceTree = "<group>";
		};
		0B6659FD25B998AA00C9DB31 /* Preview Content */ = {
			isa = PBXGroup;
			children = (
				0B6659FE25B998AA00C9DB31 /* Preview Assets.xcassets */,
			);
			path = "Preview Content";
			sourceTree = "<group>";
		};
		0B665A0825B998AA00C9DB31 /* mistakerecorderTests */ = {
			isa = PBXGroup;
			children = (
				0B665A0925B998AA00C9DB31 /* mistakerecorderTests.swift */,
				0B665A0B25B998AA00C9DB31 /* Info.plist */,
			);
			path = mistakerecorderTests;
			sourceTree = "<group>";
		};
		0B665A1325B998AA00C9DB31 /* mistakerecorderUITests */ = {
			isa = PBXGroup;
			children = (
				0B665A1425B998AA00C9DB31 /* mistakerecorderUITests.swift */,
				0B665A1625B998AA00C9DB31 /* Info.plist */,
			);
			path = mistakerecorderUITests;
			sourceTree = "<group>";
		};
/* End PBXGroup section */

/* Begin PBXNativeTarget section */
		0B6659F325B998A800C9DB31 /* mistakerecorder */ = {
			isa = PBXNativeTarget;
			buildConfigurationList = 0B665A1925B998AA00C9DB31 /* Build configuration list for PBXNativeTarget "mistakerecorder" */;
			buildPhases = (
				0B6659F025B998A800C9DB31 /* Sources */,
				0B6659F125B998A800C9DB31 /* Frameworks */,
				0B6659F225B998A800C9DB31 /* Resources */,
			);
			buildRules = (
			);
			dependencies = (
			);
			name = mistakerecorder;
			packageProductDependencies = (
				0BB62E0225CE28380086FD60 /* Alamofire */,
			);
			productName = mistakerecorder;
			productReference = 0B6659F425B998A800C9DB31 /* mistakerecorder.app */;
			productType = "com.apple.product-type.application";
		};
		0B665A0425B998AA00C9DB31 /* mistakerecorderTests */ = {
			isa = PBXNativeTarget;
			buildConfigurationList = 0B665A1C25B998AA00C9DB31 /* Build configuration list for PBXNativeTarget "mistakerecorderTests" */;
			buildPhases = (
				0B665A0125B998AA00C9DB31 /* Sources */,
				0B665A0225B998AA00C9DB31 /* Frameworks */,
				0B665A0325B998AA00C9DB31 /* Resources */,
			);
			buildRules = (
			);
			dependencies = (
				0B665A0725B998AA00C9DB31 /* PBXTargetDependency */,
			);
			name = mistakerecorderTests;
			productName = mistakerecorderTests;
			productReference = 0B665A0525B998AA00C9DB31 /* mistakerecorderTests.xctest */;
			productType = "com.apple.product-type.bundle.unit-test";
		};
		0B665A0F25B998AA00C9DB31 /* mistakerecorderUITests */ = {
			isa = PBXNativeTarget;
			buildConfigurationList = 0B665A1F25B998AA00C9DB31 /* Build configuration list for PBXNativeTarget "mistakerecorderUITests" */;
			buildPhases = (
				0B665A0C25B998AA00C9DB31 /* Sources */,
				0B665A0D25B998AA00C9DB31 /* Frameworks */,
				0B665A0E25B998AA00C9DB31 /* Resources */,
			);
			buildRules = (
			);
			dependencies = (
				0B665A1225B998AA00C9DB31 /* PBXTargetDependency */,
			);
			name = mistakerecorderUITests;
			productName = mistakerecorderUITests;
			productReference = 0B665A1025B998AA00C9DB31 /* mistakerecorderUITests.xctest */;
			productType = "com.apple.product-type.bundle.ui-testing";
		};
/* End PBXNativeTarget section */

/* Begin PBXProject section */
		0B6659EC25B998A800C9DB31 /* Project object */ = {
			isa = PBXProject;
			attributes = {
				LastSwiftUpdateCheck = 1230;
				LastUpgradeCheck = 1230;
				TargetAttributes = {
					0B6659F325B998A800C9DB31 = {
						CreatedOnToolsVersion = 12.3;
					};
					0B665A0425B998AA00C9DB31 = {
						CreatedOnToolsVersion = 12.3;
						TestTargetID = 0B6659F325B998A800C9DB31;
					};
					0B665A0F25B998AA00C9DB31 = {
						CreatedOnToolsVersion = 12.3;
						TestTargetID = 0B6659F325B998A800C9DB31;
					};
				};
			};
			buildConfigurationList = 0B6659EF25B998A800C9DB31 /* Build configuration list for PBXProject "mistakerecorder" */;
			compatibilityVersion = "Xcode 9.3";
			developmentRegion = en;
			hasScannedForEncodings = 0;
			knownRegions = (
				en,
				Base,
			);
			mainGroup = 0B6659EB25B998A800C9DB31;
			packageReferences = (
				0BB62E0125CE28380086FD60 /* XCRemoteSwiftPackageReference "Alamofire" */,
			);
			productRefGroup = 0B6659F525B998A800C9DB31 /* Products */;
			projectDirPath = "";
			projectRoot = "";
			targets = (
				0B6659F325B998A800C9DB31 /* mistakerecorder */,
				0B665A0425B998AA00C9DB31 /* mistakerecorderTests */,
				0B665A0F25B998AA00C9DB31 /* mistakerecorderUITests */,
			);
		};
/* End PBXProject section */

/* Begin PBXResourcesBuildPhase section */
		0B6659F225B998A800C9DB31 /* Resources */ = {
			isa = PBXResourcesBuildPhase;
			buildActionMask = 2147483647;
			files = (
				0B6659FF25B998AA00C9DB31 /* Preview Assets.xcassets in Resources */,
				0B6659FC25B998AA00C9DB31 /* Assets.xcassets in Resources */,
			);
			runOnlyForDeploymentPostprocessing = 0;
		};
		0B665A0325B998AA00C9DB31 /* Resources */ = {
			isa = PBXResourcesBuildPhase;
			buildActionMask = 2147483647;
			files = (
			);
			runOnlyForDeploymentPostprocessing = 0;
		};
		0B665A0E25B998AA00C9DB31 /* Resources */ = {
			isa = PBXResourcesBuildPhase;
			buildActionMask = 2147483647;
			files = (
			);
			runOnlyForDeploymentPostprocessing = 0;
		};
/* End PBXResourcesBuildPhase section */

/* Begin PBXSourcesBuildPhase section */
		0B6659F025B998A800C9DB31 /* Sources */ = {
			isa = PBXSourcesBuildPhase;
			buildActionMask = 2147483647;
			files = (
				0BC4745A25B99AED001A59BE /* LoginView.swift in Sources */,
				0BC474F125BAB92E001A59BE /* RegisterView.swift in Sources */,
				0B91500125BBCAEF00122F38 /* RegisterTextField.swift in Sources */,
				0B91501825BE734600122F38 /* TabBar.swift in Sources */,
				0B16F4C825E0D7FB00C055DB /* RevisedRecordsCalendarView.swift in Sources */,
				0B91503D25C015E700122F38 /* RevisingMistakeCardView.swift in Sources */,
				0B91502525BE95A700122F38 /* PhotographView.swift in Sources */,
				0B91500E25BE6E2400122F38 /* ForgetPasswordView.swift in Sources */,
				0B5B4ABA25CFB7A600686F56 /* QuestionItemView.swift in Sources */,
				0B91506425C2B2E900122F38 /* ReviseItemView.swift in Sources */,
				0B91505925C29CB700122F38 /* MistakeListView.swift in Sources */,
				0BB62E0825CE28650086FD60 /* NetworkAPIFunctions.swift in Sources */,
				0B91504725C0FFFB00122F38 /* UserMenuView.swift in Sources */,
				0B91504C25C2974C00122F38 /* ReviseListView.swift in Sources */,
				0B91501325BE717200122F38 /* HomeView.swift in Sources */,
				0B22781925CA92530000FB8C /* Store.swift in Sources */,
				0B16F4C025DF9DCD00C055DB /* DateFunctions.swift in Sources */,
				0B50C43D25C402E000D392C7 /* MistakeItemView.swift in Sources */,
				0B6659F825B998A800C9DB31 /* mistakerecorderApp.swift in Sources */,
			);
			runOnlyForDeploymentPostprocessing = 0;
		};
		0B665A0125B998AA00C9DB31 /* Sources */ = {
			isa = PBXSourcesBuildPhase;
			buildActionMask = 2147483647;
			files = (
				0B665A0A25B998AA00C9DB31 /* mistakerecorderTests.swift in Sources */,
			);
			runOnlyForDeploymentPostprocessing = 0;
		};
		0B665A0C25B998AA00C9DB31 /* Sources */ = {
			isa = PBXSourcesBuildPhase;
			buildActionMask = 2147483647;
			files = (
				0B665A1525B998AA00C9DB31 /* mistakerecorderUITests.swift in Sources */,
			);
			runOnlyForDeploymentPostprocessing = 0;
		};
/* End PBXSourcesBuildPhase section */

/* Begin PBXTargetDependency section */
		0B665A0725B998AA00C9DB31 /* PBXTargetDependency */ = {
			isa = PBXTargetDependency;
			target = 0B6659F325B998A800C9DB31 /* mistakerecorder */;
			targetProxy = 0B665A0625B998AA00C9DB31 /* PBXContainerItemProxy */;
		};
		0B665A1225B998AA00C9DB31 /* PBXTargetDependency */ = {
			isa = PBXTargetDependency;
			target = 0B6659F325B998A800C9DB31 /* mistakerecorder */;
			targetProxy = 0B665A1125B998AA00C9DB31 /* PBXContainerItemProxy */;
		};
/* End PBXTargetDependency section */

/* Begin XCBuildConfiguration section */
		0B665A1725B998AA00C9DB31 /* Debug */ = {
			isa = XCBuildConfiguration;
			buildSettings = {
				ALWAYS_SEARCH_USER_PATHS = NO;
				CLANG_ANALYZER_NONNULL = YES;
				CLANG_ANALYZER_NUMBER_OBJECT_CONVERSION = YES_AGGRESSIVE;
				CLANG_CXX_LANGUAGE_STANDARD = "gnu++14";
				CLANG_CXX_LIBRARY = "libc++";
				CLANG_ENABLE_MODULES = YES;
				CLANG_ENABLE_OBJC_ARC = YES;
				CLANG_ENABLE_OBJC_WEAK = YES;
				CLANG_WARN_BLOCK_CAPTURE_AUTORELEASING = YES;
				CLANG_WARN_BOOL_CONVERSION = YES;
				CLANG_WARN_COMMA = YES;
				CLANG_WARN_CONSTANT_CONVERSION = YES;
				CLANG_WARN_DEPRECATED_OBJC_IMPLEMENTATIONS = YES;
				CLANG_WARN_DIRECT_OBJC_ISA_USAGE = YES_ERROR;
				CLANG_WARN_DOCUMENTATION_COMMENTS = YES;
				CLANG_WARN_EMPTY_BODY = YES;
				CLANG_WARN_ENUM_CONVERSION = YES;
				CLANG_WARN_INFINITE_RECURSION = YES;
				CLANG_WARN_INT_CONVERSION = YES;
				CLANG_WARN_NON_LITERAL_NULL_CONVERSION = YES;
				CLANG_WARN_OBJC_IMPLICIT_RETAIN_SELF = YES;
				CLANG_WARN_OBJC_LITERAL_CONVERSION = YES;
				CLANG_WARN_OBJC_ROOT_CLASS = YES_ERROR;
				CLANG_WARN_QUOTED_INCLUDE_IN_FRAMEWORK_HEADER = YES;
				CLANG_WARN_RANGE_LOOP_ANALYSIS = YES;
				CLANG_WARN_STRICT_PROTOTYPES = YES;
				CLANG_WARN_SUSPICIOUS_MOVE = YES;
				CLANG_WARN_UNGUARDED_AVAILABILITY = YES_AGGRESSIVE;
				CLANG_WARN_UNREACHABLE_CODE = YES;
				CLANG_WARN__DUPLICATE_METHOD_MATCH = YES;
				COPY_PHASE_STRIP = NO;
				DEBUG_INFORMATION_FORMAT = dwarf;
				ENABLE_STRICT_OBJC_MSGSEND = YES;
				ENABLE_TESTABILITY = YES;
				GCC_C_LANGUAGE_STANDARD = gnu11;
				GCC_DYNAMIC_NO_PIC = NO;
				GCC_NO_COMMON_BLOCKS = YES;
				GCC_OPTIMIZATION_LEVEL = 0;
				GCC_PREPROCESSOR_DEFINITIONS = (
					"DEBUG=1",
					"$(inherited)",
				);
				GCC_WARN_64_TO_32_BIT_CONVERSION = YES;
				GCC_WARN_ABOUT_RETURN_TYPE = YES_ERROR;
				GCC_WARN_UNDECLARED_SELECTOR = YES;
				GCC_WARN_UNINITIALIZED_AUTOS = YES_AGGRESSIVE;
				GCC_WARN_UNUSED_FUNCTION = YES;
				GCC_WARN_UNUSED_VARIABLE = YES;
				IPHONEOS_DEPLOYMENT_TARGET = 14.3;
				MTL_ENABLE_DEBUG_INFO = INCLUDE_SOURCE;
				MTL_FAST_MATH = YES;
				ONLY_ACTIVE_ARCH = YES;
				SDKROOT = iphoneos;
				SWIFT_ACTIVE_COMPILATION_CONDITIONS = DEBUG;
				SWIFT_OPTIMIZATION_LEVEL = "-Onone";
			};
			name = Debug;
		};
		0B665A1825B998AA00C9DB31 /* Release */ = {
			isa = XCBuildConfiguration;
			buildSettings = {
				ALWAYS_SEARCH_USER_PATHS = NO;
				CLANG_ANALYZER_NONNULL = YES;
				CLANG_ANALYZER_NUMBER_OBJECT_CONVERSION = YES_AGGRESSIVE;
				CLANG_CXX_LANGUAGE_STANDARD = "gnu++14";
				CLANG_CXX_LIBRARY = "libc++";
				CLANG_ENABLE_MODULES = YES;
				CLANG_ENABLE_OBJC_ARC = YES;
				CLANG_ENABLE_OBJC_WEAK = YES;
				CLANG_WARN_BLOCK_CAPTURE_AUTORELEASING = YES;
				CLANG_WARN_BOOL_CONVERSION = YES;
				CLANG_WARN_COMMA = YES;
				CLANG_WARN_CONSTANT_CONVERSION = YES;
				CLANG_WARN_DEPRECATED_OBJC_IMPLEMENTATIONS = YES;
				CLANG_WARN_DIRECT_OBJC_ISA_USAGE = YES_ERROR;
				CLANG_WARN_DOCUMENTATION_COMMENTS = YES;
				CLANG_WARN_EMPTY_BODY = YES;
				CLANG_WARN_ENUM_CONVERSION = YES;
				CLANG_WARN_INFINITE_RECURSION = YES;
				CLANG_WARN_INT_CONVERSION = YES;
				CLANG_WARN_NON_LITERAL_NULL_CONVERSION = YES;
				CLANG_WARN_OBJC_IMPLICIT_RETAIN_SELF = YES;
				CLANG_WARN_OBJC_LITERAL_CONVERSION = YES;
				CLANG_WARN_OBJC_ROOT_CLASS = YES_ERROR;
				CLANG_WARN_QUOTED_INCLUDE_IN_FRAMEWORK_HEADER = YES;
				CLANG_WARN_RANGE_LOOP_ANALYSIS = YES;
				CLANG_WARN_STRICT_PROTOTYPES = YES;
				CLANG_WARN_SUSPICIOUS_MOVE = YES;
				CLANG_WARN_UNGUARDED_AVAILABILITY = YES_AGGRESSIVE;
				CLANG_WARN_UNREACHABLE_CODE = YES;
				CLANG_WARN__DUPLICATE_METHOD_MATCH = YES;
				COPY_PHASE_STRIP = NO;
				DEBUG_INFORMATION_FORMAT = "dwarf-with-dsym";
				ENABLE_NS_ASSERTIONS = NO;
				ENABLE_STRICT_OBJC_MSGSEND = YES;
				GCC_C_LANGUAGE_STANDARD = gnu11;
				GCC_NO_COMMON_BLOCKS = YES;
				GCC_WARN_64_TO_32_BIT_CONVERSION = YES;
				GCC_WARN_ABOUT_RETURN_TYPE = YES_ERROR;
				GCC_WARN_UNDECLARED_SELECTOR = YES;
				GCC_WARN_UNINITIALIZED_AUTOS = YES_AGGRESSIVE;
				GCC_WARN_UNUSED_FUNCTION = YES;
				GCC_WARN_UNUSED_VARIABLE = YES;
				IPHONEOS_DEPLOYMENT_TARGET = 14.3;
				MTL_ENABLE_DEBUG_INFO = NO;
				MTL_FAST_MATH = YES;
				SDKROOT = iphoneos;
				SWIFT_COMPILATION_MODE = wholemodule;
				SWIFT_OPTIMIZATION_LEVEL = "-O";
				VALIDATE_PRODUCT = YES;
			};
			name = Release;
		};
		0B665A1A25B998AA00C9DB31 /* Debug */ = {
			isa = XCBuildConfiguration;
			buildSettings = {
				ASSETCATALOG_COMPILER_APPICON_NAME = AppIcon;
				ASSETCATALOG_COMPILER_GLOBAL_ACCENT_COLOR_NAME = AccentColor;
				CODE_SIGN_STYLE = Automatic;
				DEVELOPMENT_ASSET_PATHS = "\"mistakerecorder/Preview Content\"";
				DEVELOPMENT_TEAM = 5CKVWTN25D;
				ENABLE_PREVIEWS = YES;
				INFOPLIST_FILE = mistakerecorder/Info.plist;
				IPHONEOS_DEPLOYMENT_TARGET = 14.3;
				LD_RUNPATH_SEARCH_PATHS = (
					"$(inherited)",
					"@executable_path/Frameworks",
				);
				PRODUCT_BUNDLE_IDENTIFIER = CaSdm.mistakerecorder;
				PRODUCT_NAME = "$(TARGET_NAME)";
				SWIFT_VERSION = 5.0;
				TARGETED_DEVICE_FAMILY = "1,2";
			};
			name = Debug;
		};
		0B665A1B25B998AA00C9DB31 /* Release */ = {
			isa = XCBuildConfiguration;
			buildSettings = {
				ASSETCATALOG_COMPILER_APPICON_NAME = AppIcon;
				ASSETCATALOG_COMPILER_GLOBAL_ACCENT_COLOR_NAME = AccentColor;
				CODE_SIGN_STYLE = Automatic;
				DEVELOPMENT_ASSET_PATHS = "\"mistakerecorder/Preview Content\"";
				DEVELOPMENT_TEAM = 5CKVWTN25D;
				ENABLE_PREVIEWS = YES;
				INFOPLIST_FILE = mistakerecorder/Info.plist;
				IPHONEOS_DEPLOYMENT_TARGET = 14.3;
				LD_RUNPATH_SEARCH_PATHS = (
					"$(inherited)",
					"@executable_path/Frameworks",
				);
				PRODUCT_BUNDLE_IDENTIFIER = CaSdm.mistakerecorder;
				PRODUCT_NAME = "$(TARGET_NAME)";
				SWIFT_VERSION = 5.0;
				TARGETED_DEVICE_FAMILY = "1,2";
			};
			name = Release;
		};
		0B665A1D25B998AA00C9DB31 /* Debug */ = {
			isa = XCBuildConfiguration;
			buildSettings = {
				ALWAYS_EMBED_SWIFT_STANDARD_LIBRARIES = YES;
				BUNDLE_LOADER = "$(TEST_HOST)";
				CODE_SIGN_STYLE = Automatic;
				DEVELOPMENT_TEAM = 5CKVWTN25D;
				INFOPLIST_FILE = mistakerecorderTests/Info.plist;
				IPHONEOS_DEPLOYMENT_TARGET = 14.0;
				LD_RUNPATH_SEARCH_PATHS = (
					"$(inherited)",
					"@executable_path/Frameworks",
					"@loader_path/Frameworks",
				);
				PRODUCT_BUNDLE_IDENTIFIER = CaSdm.mistakerecorderTests;
				PRODUCT_NAME = "$(TARGET_NAME)";
				SWIFT_VERSION = 5.0;
				TARGETED_DEVICE_FAMILY = "1,2";
				TEST_HOST = "$(BUILT_PRODUCTS_DIR)/mistakerecorder.app/mistakerecorder";
			};
			name = Debug;
		};
		0B665A1E25B998AA00C9DB31 /* Release */ = {
			isa = XCBuildConfiguration;
			buildSettings = {
				ALWAYS_EMBED_SWIFT_STANDARD_LIBRARIES = YES;
				BUNDLE_LOADER = "$(TEST_HOST)";
				CODE_SIGN_STYLE = Automatic;
				DEVELOPMENT_TEAM = 5CKVWTN25D;
				INFOPLIST_FILE = mistakerecorderTests/Info.plist;
				IPHONEOS_DEPLOYMENT_TARGET = 14.0;
				LD_RUNPATH_SEARCH_PATHS = (
					"$(inherited)",
					"@executable_path/Frameworks",
					"@loader_path/Frameworks",
				);
				PRODUCT_BUNDLE_IDENTIFIER = CaSdm.mistakerecorderTests;
				PRODUCT_NAME = "$(TARGET_NAME)";
				SWIFT_VERSION = 5.0;
				TARGETED_DEVICE_FAMILY = "1,2";
				TEST_HOST = "$(BUILT_PRODUCTS_DIR)/mistakerecorder.app/mistakerecorder";
			};
			name = Release;
		};
		0B665A2025B998AA00C9DB31 /* Debug */ = {
			isa = XCBuildConfiguration;
			buildSettings = {
				ALWAYS_EMBED_SWIFT_STANDARD_LIBRARIES = YES;
				CODE_SIGN_STYLE = Automatic;
				DEVELOPMENT_TEAM = 5CKVWTN25D;
				INFOPLIST_FILE = mistakerecorderUITests/Info.plist;
				LD_RUNPATH_SEARCH_PATHS = (
					"$(inherited)",
					"@executable_path/Frameworks",
					"@loader_path/Frameworks",
				);
				PRODUCT_BUNDLE_IDENTIFIER = CaSdm.mistakerecorderUITests;
				PRODUCT_NAME = "$(TARGET_NAME)";
				SWIFT_VERSION = 5.0;
				TARGETED_DEVICE_FAMILY = "1,2";
				TEST_TARGET_NAME = mistakerecorder;
			};
			name = Debug;
		};
		0B665A2125B998AA00C9DB31 /* Release */ = {
			isa = XCBuildConfiguration;
			buildSettings = {
				ALWAYS_EMBED_SWIFT_STANDARD_LIBRARIES = YES;
				CODE_SIGN_STYLE = Automatic;
				DEVELOPMENT_TEAM = 5CKVWTN25D;
				INFOPLIST_FILE = mistakerecorderUITests/Info.plist;
				LD_RUNPATH_SEARCH_PATHS = (
					"$(inherited)",
					"@executable_path/Frameworks",
					"@loader_path/Frameworks",
				);
				PRODUCT_BUNDLE_IDENTIFIER = CaSdm.mistakerecorderUITests;
				PRODUCT_NAME = "$(TARGET_NAME)";
				SWIFT_VERSION = 5.0;
				TARGETED_DEVICE_FAMILY = "1,2";
				TEST_TARGET_NAME = mistakerecorder;
			};
			name = Release;
		};
/* End XCBuildConfiguration section */

/* Begin XCConfigurationList section */
		0B6659EF25B998A800C9DB31 /* Build configuration list for PBXProject "mistakerecorder" */ = {
			isa = XCConfigurationList;
			buildConfigurations = (
				0B665A1725B998AA00C9DB31 /* Debug */,
				0B665A1825B998AA00C9DB31 /* Release */,
			);
			defaultConfigurationIsVisible = 0;
			defaultConfigurationName = Release;
		};
		0B665A1925B998AA00C9DB31 /* Build configuration list for PBXNativeTarget "mistakerecorder" */ = {
			isa = XCConfigurationList;
			buildConfigurations = (
				0B665A1A25B998AA00C9DB31 /* Debug */,
				0B665A1B25B998AA00C9DB31 /* Release */,
			);
			defaultConfigurationIsVisible = 0;
			defaultConfigurationName = Release;
		};
		0B665A1C25B998AA00C9DB31 /* Build configuration list for PBXNativeTarget "mistakerecorderTests" */ = {
			isa = XCConfigurationList;
			buildConfigurations = (
				0B665A1D25B998AA00C9DB31 /* Debug */,
				0B665A1E25B998AA00C9DB31 /* Release */,
			);
			defaultConfigurationIsVisible = 0;
			defaultConfigurationName = Release;
		};
		0B665A1F25B998AA00C9DB31 /* Build configuration list for PBXNativeTarget "mistakerecorderUITests" */ = {
			isa = XCConfigurationList;
			buildConfigurations = (
				0B665A2025B998AA00C9DB31 /* Debug */,
				0B665A2125B998AA00C9DB31 /* Release */,
			);
			defaultConfigurationIsVisible = 0;
			defaultConfigurationName = Release;
		};
/* End XCConfigurationList section */

/* Begin XCRemoteSwiftPackageReference section */
		0BB62E0125CE28380086FD60 /* XCRemoteSwiftPackageReference "Alamofire" */ = {
			isa = XCRemoteSwiftPackageReference;
			repositoryURL = "https://github.com/Alamofire/Alamofire";
			requirement = {
				kind = upToNextMajorVersion;
				minimumVersion = 5.4.1;
			};
		};
/* End XCRemoteSwiftPackageReference section */

/* Begin XCSwiftPackageProductDependency section */
		0BB62E0225CE28380086FD60 /* Alamofire */ = {
			isa = XCSwiftPackageProductDependency;
			package = 0BB62E0125CE28380086FD60 /* XCRemoteSwiftPackageReference "Alamofire" */;
			productName = Alamofire;
		};
/* End XCSwiftPackageProductDependency section */
	};
	rootObject = 0B6659EC25B998A800C9DB31 /* Project object */;
}
